
Microsoft Visual Studio Solution File, Format Version 12.00
# Visual Studio Version 17
VisualStudioVersion = 17.5.002.0
MinimumVisualStudioVersion = 10.0.40219.1
Project("{9A19103F-16F7-4668-BE54-9A1E7A4F7556}") = "ApiEmpresa", "ApiEmpresa.csproj", "{CEB130B4-0D51-4195-AA3C-195F5566BCD4}"
EndProject
Global
	GlobalSection(SolutionConfigurationPlatforms) = preSolution
		Debug|Any CPU = Debug|Any CPU
		Release|Any CPU = Release|Any CPU
	EndGlobalSection
	GlobalSection(ProjectConfigurationPlatforms) = postSolution
		{CEB130B4-0D51-4195-AA3C-195F5566BCD4}.Debug|Any CPU.ActiveCfg = Debug|Any CPU
		{CEB130B4-0D51-4195-AA3C-195F5566BCD4}.Debug|Any CPU.Build.0 = Debug|Any CPU
		{CEB130B4-0D51-4195-AA3C-195F5566BCD4}.Release|Any CPU.ActiveCfg = Release|Any CPU
		{CEB130B4-0D51-4195-AA3C-195F5566BCD4}.Release|Any CPU.Build.0 = Release|Any CPU
	EndGlobalSection
	GlobalSection(SolutionProperties) = preSolution
		HideSolutionNode = FALSE
	EndGlobalSection
	GlobalSection(ExtensibilityGlobals) = postSolution
		SolutionGuid = {A9628BE7-DB8A-426E-A78A-0CF3DADAE14F}
	EndGlobalSection
EndGlobal
